// !$*UTF8*$!
{
	archiveVersion = 1;
	classes = {
	};
	objectVersion = 77;
	objects = {

/* Begin PBXBuildFile section */
		D162827B2F39AE5300F3B7FC /* AppDelegate.swift in Sources */ = {isa = PBXBuildFile; fileRef = D162827A2F39AE5300F3B7FC /* AppDelegate.swift */; };
		D162827D2F39AE5300F3B7FC /* SceneDelegate.swift in Sources */ = {isa = PBXBuildFile; fileRef = D162827C2F39AE5300F3B7FC /* SceneDelegate.swift */; };
		D16282802F39AE5300F3B7FC /* LaunchScreen.storyboard in Resources */ = {isa = PBXBuildFile; fileRef = D162827E2F39AE5300F3B7FC /* LaunchScreen.storyboard */; };
		D16282832F39AE5300F3B7FC /* Main.storyboard in Resources */ = {isa = PBXBuildFile; fileRef = D16282812F39AE5300F3B7FC /* Main.storyboard */; };
		D162828C2F39AE5300F3B7FC /* AppDelegate.swift in Sources */ = {isa = PBXBuildFile; fileRef = D162828B2F39AE5300F3B7FC /* AppDelegate.swift */; };
		D162828F2F39AE5300F3B7FC /* Main.storyboard in Resources */ = {isa = PBXBuildFile; fileRef = D162828D2F39AE5300F3B7FC /* Main.storyboard */; };
		D16282972F39AE5300F3B7FC /* 番茄专注 Extension.appex in Embed Foundation Extensions */ = {isa = PBXBuildFile; fileRef = D16282962F39AE5300F3B7FC /* 番茄专注 Extension.appex */; settings = {ATTRIBUTES = (RemoveHeadersOnCopy, ); }; };
		D16282A12F39AE5300F3B7FC /* 番茄专注 Extension.appex in Embed Foundation Extensions */ = {isa = PBXBuildFile; fileRef = D16282A02F39AE5300F3B7FC /* 番茄专注 Extension.appex */; settings = {ATTRIBUTES = (RemoveHeadersOnCopy, ); }; };
		D16282A72F39AE5300F3B7FC /* Main.html in Resources */ = {isa = PBXBuildFile; fileRef = D162826A2F39AE5200F3B7FC /* Main.html */; };
		D16282A82F39AE5300F3B7FC /* Main.html in Resources */ = {isa = PBXBuildFile; fileRef = D162826A2F39AE5200F3B7FC /* Main.html */; };
		D16282A92F39AE5300F3B7FC /* Icon.png in Resources */ = {isa = PBXBuildFile; fileRef = D162826C2F39AE5200F3B7FC /* Icon.png */; };
		D16282AA2F39AE5300F3B7FC /* Icon.png in Resources */ = {isa = PBXBuildFile; fileRef = D162826C2F39AE5200F3B7FC /* Icon.png */; };
		D16282AB2F39AE5300F3B7FC /* Style.css in Resources */ = {isa = PBXBuildFile; fileRef = D162826D2F39AE5200F3B7FC /* Style.css */; };
		D16282AC2F39AE5300F3B7FC /* Style.css in Resources */ = {isa = PBXBuildFile; fileRef = D162826D2F39AE5200F3B7FC /* Style.css */; };
		D16282AD2F39AE5300F3B7FC /* Script.js in Resources */ = {isa = PBXBuildFile; fileRef = D162826E2F39AE5200F3B7FC /* Script.js */; };
		D16282AE2F39AE5300F3B7FC /* Script.js in Resources */ = {isa = PBXBuildFile; fileRef = D162826E2F39AE5200F3B7FC /* Script.js */; };
		D16282AF2F39AE5300F3B7FC /* ViewController.swift in Sources */ = {isa = PBXBuildFile; fileRef = D162826F2F39AE5200F3B7FC /* ViewController.swift */; };
		D16282B02F39AE5300F3B7FC /* ViewController.swift in Sources */ = {isa = PBXBuildFile; fileRef = D162826F2F39AE5200F3B7FC /* ViewController.swift */; };
		D16282B12F39AE5300F3B7FC /* Assets.xcassets in Resources */ = {isa = PBXBuildFile; fileRef = D16282702F39AE5300F3B7FC /* Assets.xcassets */; };
		D16282B22F39AE5300F3B7FC /* Assets.xcassets in Resources */ = {isa = PBXBuildFile; fileRef = D16282702F39AE5300F3B7FC /* Assets.xcassets */; };
		D16282B32F39AE5300F3B7FC /* SafariWebExtensionHandler.swift in Sources */ = {isa = PBXBuildFile; fileRef = D16282722F39AE5300F3B7FC /* SafariWebExtensionHandler.swift */; };
		D16282B42F39AE5300F3B7FC /* SafariWebExtensionHandler.swift in Sources */ = {isa = PBXBuildFile; fileRef = D16282722F39AE5300F3B7FC /* SafariWebExtensionHandler.swift */; };
		D16282CC2F39AE5300F3B7FC /* background.js in Resources */ = {isa = PBXBuildFile; fileRef = D16282C62F39AE5300F3B7FC /* background.js */; };
		D16282CD2F39AE5300F3B7FC /* blocked.js in Resources */ = {isa = PBXBuildFile; fileRef = D16282C72F39AE5300F3B7FC /* blocked.js */; };
		D16282CE2F39AE5300F3B7FC /* icons in Resources */ = {isa = PBXBuildFile; fileRef = D16282C82F39AE5300F3B7FC /* icons */; };
		D16282CF2F39AE5300F3B7FC /* manifest.json in Resources */ = {isa = PBXBuildFile; fileRef = D16282C92F39AE5300F3B7FC /* manifest.json */; };
		D16282D02F39AE5300F3B7FC /* blocked.html in Resources */ = {isa = PBXBuildFile; fileRef = D16282CA2F39AE5300F3B7FC /* blocked.html */; };
		D16282D12F39AE5300F3B7FC /* blocked.css in Resources */ = {isa = PBXBuildFile; fileRef = D16282CB2F39AE5300F3B7FC /* blocked.css */; };
		D16282D22F39AE5300F3B7FC /* background.js in Resources */ = {isa = PBXBuildFile; fileRef = D16282C62F39AE5300F3B7FC /* background.js */; };
		D16282D32F39AE5300F3B7FC /* blocked.js in Resources */ = {isa = PBXBuildFile; fileRef = D16282C72F39AE5300F3B7FC /* blocked.js */; };
		D16282D42F39AE5300F3B7FC /* icons in Resources */ = {isa = PBXBuildFile; fileRef = D16282C82F39AE5300F3B7FC /* icons */; };
		D16282D52F39AE5300F3B7FC /* manifest.json in Resources */ = {isa = PBXBuildFile; fileRef = D16282C92F39AE5300F3B7FC /* manifest.json */; };
		D16282D62F39AE5300F3B7FC /* blocked.html in Resources */ = {isa = PBXBuildFile; fileRef = D16282CA2F39AE5300F3B7FC /* blocked.html */; };
		D16282D72F39AE5300F3B7FC /* blocked.css in Resources */ = {isa = PBXBuildFile; fileRef = D16282CB2F39AE5300F3B7FC /* blocked.css */; };
/* End PBXBuildFile section */

/* Begin PBXContainerItemProxy section */
		D16282982F39AE5300F3B7FC /* PBXContainerItemProxy */ = {
			isa = PBXContainerItemProxy;
			containerPortal = D16282642F39AE5200F3B7FC /* Project object */;
			proxyType = 1;
			remoteGlobalIDString = D16282952F39AE5300F3B7FC;
			remoteInfo = "番茄专注 Extension (iOS)";
		};
		D16282A22F39AE5300F3B7FC /* PBXContainerItemProxy */ = {
			isa = PBXContainerItemProxy;
			containerPortal = D16282642F39AE5200F3B7FC /* Project object */;
			proxyType = 1;
			remoteGlobalIDString = D162829F2F39AE5300F3B7FC;
			remoteInfo = "番茄专注 Extension (macOS)";
		};
/* End PBXContainerItemProxy section */

/* Begin PBXCopyFilesBuildPhase section */
		D16282BA2F39AE5300F3B7FC /* Embed Foundation Extensions */ = {
			isa = PBXCopyFilesBuildPhase;
			buildActionMask = 2147483647;
			dstPath = "";
			dstSubfolderSpec = 13;
			files = (
				D16282972F39AE5300F3B7FC /* 番茄专注 Extension.appex in Embed Foundation Extensions */,
			);
			name = "Embed Foundation Extensions";
			runOnlyForDeploymentPostprocessing = 0;
		};
		D16282C12F39AE5300F3B7FC /* Embed Foundation Extensions */ = {
			isa = PBXCopyFilesBuildPhase;
			buildActionMask = 2147483647;
			dstPath = "";
			dstSubfolderSpec = 13;
			files = (
				D16282A12F39AE5300F3B7FC /* 番茄专注 Extension.appex in Embed Foundation Extensions */,
			);
			name = "Embed Foundation Extensions";
			runOnlyForDeploymentPostprocessing = 0;
		};
/* End PBXCopyFilesBuildPhase section */

/* Begin PBXFileReference section */
		D162826B2F39AE5200F3B7FC /* Base */ = {isa = PBXFileReference; lastKnownFileType = text.html; name = Base; path = Base.lproj/Main.html; sourceTree = "<group>"; };
		D162826C2F39AE5200F3B7FC /* Icon.png */ = {isa = PBXFileReference; lastKnownFileType = image.png; path = Icon.png; sourceTree = "<group>"; };
		D162826D2F39AE5200F3B7FC /* Style.css */ = {isa = PBXFileReference; lastKnownFileType = text.css; path = Style.css; sourceTree = "<group>"; };
		D162826E2F39AE5200F3B7FC /* Script.js */ = {isa = PBXFileReference; lastKnownFileType = sourcecode.javascript; path = Script.js; sourceTree = "<group>"; };
		D162826F2F39AE5200F3B7FC /* ViewController.swift */ = {isa = PBXFileReference; lastKnownFileType = sourcecode.swift; path = ViewController.swift; sourceTree = "<group>"; };
		D16282702F39AE5300F3B7FC /* Assets.xcassets */ = {isa = PBXFileReference; lastKnownFileType = folder.assetcatalog; path = Assets.xcassets; sourceTree = "<group>"; };
		D16282722F39AE5300F3B7FC /* SafariWebExtensionHandler.swift */ = {isa = PBXFileReference; lastKnownFileType = sourcecode.swift; path = SafariWebExtensionHandler.swift; sourceTree = "<group>"; };
		D16282772F39AE5300F3B7FC /* 番茄专注.app */ = {isa = PBXFileReference; explicitFileType = wrapper.application; includeInIndex = 0; path = "番茄专注.app"; sourceTree = BUILT_PRODUCTS_DIR; };
		D162827A2F39AE5300F3B7FC /* AppDelegate.swift */ = {isa = PBXFileReference; lastKnownFileType = sourcecode.swift; path = AppDelegate.swift; sourceTree = "<group>"; };
		D162827C2F39AE5300F3B7FC /* SceneDelegate.swift */ = {isa = PBXFileReference; lastKnownFileType = sourcecode.swift; path = SceneDelegate.swift; sourceTree = "<group>"; };
		D162827F2F39AE5300F3B7FC /* Base */ = {isa = PBXFileReference; lastKnownFileType = file.storyboard; name = Base; path = Base.lproj/LaunchScreen.storyboard; sourceTree = "<group>"; };
		D16282822F39AE5300F3B7FC /* Base */ = {isa = PBXFileReference; lastKnownFileType = file.storyboard; name = Base; path = Base.lproj/Main.storyboard; sourceTree = "<group>"; };
		D16282842F39AE5300F3B7FC /* Info.plist */ = {isa = PBXFileReference; lastKnownFileType = text.plist.xml; path = Info.plist; sourceTree = "<group>"; };
		D16282892F39AE5300F3B7FC /* 番茄专注.app */ = {isa = PBXFileReference; explicitFileType = wrapper.application; includeInIndex = 0; path = "番茄专注.app"; sourceTree = BUILT_PRODUCTS_DIR; };
		D162828B2F39AE5300F3B7FC /* AppDelegate.swift */ = {isa = PBXFileReference; lastKnownFileType = sourcecode.swift; path = AppDelegate.swift; sourceTree = "<group>"; };
		D162828E2F39AE5300F3B7FC /* Base */ = {isa = PBXFileReference; lastKnownFileType = file.storyboard; name = Base; path = Base.lproj/Main.storyboard; sourceTree = "<group>"; };
		D16282902F39AE5300F3B7FC /* Info.plist */ = {isa = PBXFileReference; lastKnownFileType = text.plist.xml; path = Info.plist; sourceTree = "<group>"; };
		D16282912F39AE5300F3B7FC /* 番茄专注.entitlements */ = {isa = PBXFileReference; lastKnownFileType = text.plist.entitlements; path = "番茄专注.entitlements"; sourceTree = "<group>"; };
		D16282962F39AE5300F3B7FC /* 番茄专注 Extension.appex */ = {isa = PBXFileReference; explicitFileType = "wrapper.app-extension"; includeInIndex = 0; path = "番茄专注 Extension.appex"; sourceTree = BUILT_PRODUCTS_DIR; };
		D162829B2F39AE5300F3B7FC /* Info.plist */ = {isa = PBXFileReference; lastKnownFileType = text.plist.xml; path = Info.plist; sourceTree = "<group>"; };
		D16282A02F39AE5300F3B7FC /* 番茄专注 Extension.appex */ = {isa = PBXFileReference; explicitFileType = "wrapper.app-extension"; includeInIndex = 0; path = "番茄专注 Extension.appex"; sourceTree = BUILT_PRODUCTS_DIR; };
		D16282A52F39AE5300F3B7FC /* Info.plist */ = {isa = PBXFileReference; lastKnownFileType = text.plist.xml; path = Info.plist; sourceTree = "<group>"; };
		D16282A62F39AE5300F3B7FC /* 番茄专注.entitlements */ = {isa = PBXFileReference; lastKnownFileType = text.plist.entitlements; path = "番茄专注.entitlements"; sourceTree = "<group>"; };
		D16282C62F39AE5300F3B7FC /* background.js */ = {isa = PBXFileReference; lastKnownFileType = sourcecode.javascript; name = background.js; path = "../../../safari-extension-src/background.js"; sourceTree = "<group>"; };
		D16282C72F39AE5300F3B7FC /* blocked.js */ = {isa = PBXFileReference; lastKnownFileType = sourcecode.javascript; name = blocked.js; path = "../../../safari-extension-src/blocked.js"; sourceTree = "<group>"; };
		D16282C82F39AE5300F3B7FC /* icons */ = {isa = PBXFileReference; lastKnownFileType = folder; name = icons; path = "../../../safari-extension-src/icons"; sourceTree = "<group>"; };
		D16282C92F39AE5300F3B7FC /* manifest.json */ = {isa = PBXFileReference; lastKnownFileType = text.json; name = manifest.json; path = "../../../safari-extension-src/manifest.json"; sourceTree = "<group>"; };
		D16282CA2F39AE5300F3B7FC /* blocked.html */ = {isa = PBXFileReference; lastKnownFileType = text.html; name = blocked.html; path = "../../../safari-extension-src/blocked.html"; sourceTree = "<group>"; };
		D16282CB2F39AE5300F3B7FC /* blocked.css */ = {isa = PBXFileReference; lastKnownFileType = text.css; name = blocked.css; path = "../../../safari-extension-src/blocked.css"; sourceTree = "<group>"; };
/* End PBXFileReference section */

/* Begin PBXFrameworksBuildPhase section */
		D16282742F39AE5300F3B7FC /* Frameworks */ = {
			isa = PBXFrameworksBuildPhase;
			buildActionMask = 2147483647;
			files = (
			);
			runOnlyForDeploymentPostprocessing = 0;
		};
		D16282862F39AE5300F3B7FC /* Frameworks */ = {
			isa = PBXFrameworksBuildPhase;
			buildActionMask = 2147483647;
			files = (
			);
			runOnlyForDeploymentPostprocessing = 0;
		};
		D16282932F39AE5300F3B7FC /* Frameworks */ = {
			isa = PBXFrameworksBuildPhase;
			buildActionMask = 2147483647;
			files = (
			);
			runOnlyForDeploymentPostprocessing = 0;
		};
		D162829D2F39AE5300F3B7FC /* Frameworks */ = {
			isa = PBXFrameworksBuildPhase;
			buildActionMask = 2147483647;
			files = (
			);
			runOnlyForDeploymentPostprocessing = 0;
		};
/* End PBXFrameworksBuildPhase section */

/* Begin PBXGroup section */
		D16282632F39AE5200F3B7FC = {
			isa = PBXGroup;
			children = (
				D16282682F39AE5200F3B7FC /* Shared (App) */,
				D16282712F39AE5300F3B7FC /* Shared (Extension) */,
				D16282792F39AE5300F3B7FC /* iOS (App) */,
				D162828A2F39AE5300F3B7FC /* macOS (App) */,
				D162829A2F39AE5300F3B7FC /* iOS (Extension) */,
				D16282A42F39AE5300F3B7FC /* macOS (Extension) */,
				D16282782F39AE5300F3B7FC /* Products */,
			);
			sourceTree = "<group>";
		};
		D16282682F39AE5200F3B7FC /* Shared (App) */ = {
			isa = PBXGroup;
			children = (
				D162826F2F39AE5200F3B7FC /* ViewController.swift */,
				D16282702F39AE5300F3B7FC /* Assets.xcassets */,
				D16282692F39AE5200F3B7FC /* Resources */,
			);
			path = "Shared (App)";
			sourceTree = "<group>";
		};
		D16282692F39AE5200F3B7FC /* Resources */ = {
			isa = PBXGroup;
			children = (
				D162826A2F39AE5200F3B7FC /* Main.html */,
				D162826C2F39AE5200F3B7FC /* Icon.png */,
				D162826D2F39AE5200F3B7FC /* Style.css */,
				D162826E2F39AE5200F3B7FC /* Script.js */,
			);
			path = Resources;
			sourceTree = "<group>";
		};
		D16282712F39AE5300F3B7FC /* Shared (Extension) */ = {
			isa = PBXGroup;
			children = (
				D16282C52F39AE5300F3B7FC /* Resources */,
				D16282722F39AE5300F3B7FC /* SafariWebExtensionHandler.swift */,
			);
			path = "Shared (Extension)";
			sourceTree = "<group>";
		};
		D16282782F39AE5300F3B7FC /* Products */ = {
			isa = PBXGroup;
			children = (
				D16282772F39AE5300F3B7FC /* 番茄专注.app */,
				D16282892F39AE5300F3B7FC /* 番茄专注.app */,
				D16282962F39AE5300F3B7FC /* 番茄专注 Extension.appex */,
				D16282A02F39AE5300F3B7FC /* 番茄专注 Extension.appex */,
			);
			name = Products;
			sourceTree = "<group>";
		};
		D16282792F39AE5300F3B7FC /* iOS (App) */ = {
			isa = PBXGroup;
			children = (
				D162827A2F39AE5300F3B7FC /* AppDelegate.swift */,
				D162827C2F39AE5300F3B7FC /* SceneDelegate.swift */,
				D162827E2F39AE5300F3B7FC /* LaunchScreen.storyboard */,
				D16282812F39AE5300F3B7FC /* Main.storyboard */,
				D16282842F39AE5300F3B7FC /* Info.plist */,
			);
			path = "iOS (App)";
			sourceTree = "<group>";
		};
		D162828A2F39AE5300F3B7FC /* macOS (App) */ = {
			isa = PBXGroup;
			children = (
				D162828B2F39AE5300F3B7FC /* AppDelegate.swift */,
				D162828D2F39AE5300F3B7FC /* Main.storyboard */,
				D16282902F39AE5300F3B7FC /* Info.plist */,
				D16282912F39AE5300F3B7FC /* 番茄专注.entitlements */,
			);
			path = "macOS (App)";
			sourceTree = "<group>";
		};
		D162829A2F39AE5300F3B7FC /* iOS (Extension) */ = {
			isa = PBXGroup;
			children = (
				D162829B2F39AE5300F3B7FC /* Info.plist */,
			);
			path = "iOS (Extension)";
			sourceTree = "<group>";
		};
		D16282A42F39AE5300F3B7FC /* macOS (Extension) */ = {
			isa = PBXGroup;
			children = (
				D16282A52F39AE5300F3B7FC /* Info.plist */,
				D16282A62F39AE5300F3B7FC /* 番茄专注.entitlements */,
			);
			path = "macOS (Extension)";
			sourceTree = "<group>";
		};
		D16282C52F39AE5300F3B7FC /* Resources */ = {
			isa = PBXGroup;
			children = (
				D16282C62F39AE5300F3B7FC /* background.js */,
				D16282C72F39AE5300F3B7FC /* blocked.js */,
				D16282C82F39AE5300F3B7FC /* icons */,
				D16282C92F39AE5300F3B7FC /* manifest.json */,
				D16282CA2F39AE5300F3B7FC /* blocked.html */,
				D16282CB2F39AE5300F3B7FC /* blocked.css */,
			);
			name = Resources;
			path = "Shared (Extension)";
			sourceTree = SOURCE_ROOT;
		};
/* End PBXGroup section */

/* Begin PBXNativeTarget section */
		D16282762F39AE5300F3B7FC /* 番茄专注 (iOS) */ = {
			isa = PBXNativeTarget;
			buildConfigurationList = D16282BB2F39AE5300F3B7FC /* Build configuration list for PBXNativeTarget "番茄专注 (iOS)" */;
			buildPhases = (
				D16282732F39AE5300F3B7FC /* Sources */,
				D16282742F39AE5300F3B7FC /* Frameworks */,
				D16282752F39AE5300F3B7FC /* Resources */,
				D16282BA2F39AE5300F3B7FC /* Embed Foundation Extensions */,
			);
			buildRules = (
			);
			dependencies = (
				D16282992F39AE5300F3B7FC /* PBXTargetDependency */,
			);
			name = "番茄专注 (iOS)";
			packageProductDependencies = (
			);
			productName = "番茄专注 (iOS)";
			productReference = D16282772F39AE5300F3B7FC /* 番茄专注.app */;
			productType = "com.apple.product-type.application";
		};
		D16282882F39AE5300F3B7FC /* 番茄专注 (macOS) */ = {
			isa = PBXNativeTarget;
			buildConfigurationList = D16282C22F39AE5300F3B7FC /* Build configuration list for PBXNativeTarget "番茄专注 (macOS)" */;
			buildPhases = (
				D16282852F39AE5300F3B7FC /* Sources */,
				D16282862F39AE5300F3B7FC /* Frameworks */,
				D16282872F39AE5300F3B7FC /* Resources */,
				D16282C12F39AE5300F3B7FC /* Embed Foundation Extensions */,
			);
			buildRules = (
			);
			dependencies = (
				D16282A32F39AE5300F3B7FC /* PBXTargetDependency */,
			);
			name = "番茄专注 (macOS)";
			packageProductDependencies = (
			);
			productName = "番茄专注 (macOS)";
			productReference = D16282892F39AE5300F3B7FC /* 番茄专注.app */;
			productType = "com.apple.product-type.application";
		};
		D16282952F39AE5300F3B7FC /* 番茄专注 Extension (iOS) */ = {
			isa = PBXNativeTarget;
			buildConfigurationList = D16282B72F39AE5300F3B7FC /* Build configuration list for PBXNativeTarget "番茄专注 Extension (iOS)" */;
			buildPhases = (
				D16282922F39AE5300F3B7FC /* Sources */,
				D16282932F39AE5300F3B7FC /* Frameworks */,
				D16282942F39AE5300F3B7FC /* Resources */,
			);
			buildRules = (
			);
			dependencies = (
			);
			name = "番茄专注 Extension (iOS)";
			packageProductDependencies = (
			);
			productName = "番茄专注 Extension (iOS)";
			productReference = D16282962F39AE5300F3B7FC /* 番茄专注 Extension.appex */;
			productType = "com.apple.product-type.app-extension";
		};
		D162829F2F39AE5300F3B7FC /* 番茄专注 Extension (macOS) */ = {
			isa = PBXNativeTarget;
			buildConfigurationList = D16282BE2F39AE5300F3B7FC /* Build configuration list for PBXNativeTarget "番茄专注 Extension (macOS)" */;
			buildPhases = (
				D162829C2F39AE5300F3B7FC /* Sources */,
				D162829D2F39AE5300F3B7FC /* Frameworks */,
				D162829E2F39AE5300F3B7FC /* Resources */,
			);
			buildRules = (
			);
			dependencies = (
			);
			name = "番茄专注 Extension (macOS)";
			packageProductDependencies = (
			);
			productName = "番茄专注 Extension (macOS)";
			productReference = D16282A02F39AE5300F3B7FC /* 番茄专注 Extension.appex */;
			productType = "com.apple.product-type.app-extension";
		};
/* End PBXNativeTarget section */

/* Begin PBXProject section */
		D16282642F39AE5200F3B7FC /* Project object */ = {
			isa = PBXProject;
			attributes = {
				BuildIndependentTargetsInParallel = 1;
				LastSwiftUpdateCheck = 1620;
				LastUpgradeCheck = 1620;
				TargetAttributes = {
					D16282762F39AE5300F3B7FC = {
						CreatedOnToolsVersion = 16.2;
					};
					D16282882F39AE5300F3B7FC = {
						CreatedOnToolsVersion = 16.2;
					};
					D16282952F39AE5300F3B7FC = {
						CreatedOnToolsVersion = 16.2;
					};
					D162829F2F39AE5300F3B7FC = {
						CreatedOnToolsVersion = 16.2;
					};
				};
			};
			buildConfigurationList = D16282672F39AE5200F3B7FC /* Build configuration list for PBXProject "番茄专注" */;
			developmentRegion = en;
			hasScannedForEncodings = 0;
			knownRegions = (
				en,
				Base,
			);
			mainGroup = D16282632F39AE5200F3B7FC;
			minimizedProjectReferenceProxies = 1;
			preferredProjectObjectVersion = 77;
			productRefGroup = D16282782F39AE5300F3B7FC /* Products */;
			projectDirPath = "";
			projectRoot = "";
			targets = (
				D16282762F39AE5300F3B7FC /* 番茄专注 (iOS) */,
				D16282882F39AE5300F3B7FC /* 番茄专注 (macOS) */,
				D16282952F39AE5300F3B7FC /* 番茄专注 Extension (iOS) */,
				D162829F2F39AE5300F3B7FC /* 番茄专注 Extension (macOS) */,
			);
		};
/* End PBXProject section */

/* Begin PBXResourcesBuildPhase section */
		D16282752F39AE5300F3B7FC /* Resources */ = {
			isa = PBXResourcesBuildPhase;
			buildActionMask = 2147483647;
			files = (
				D16282A92F39AE5300F3B7FC /* Icon.png in Resources */,
				D16282802F39AE5300F3B7FC /* LaunchScreen.storyboard in Resources */,
				D16282A72F39AE5300F3B7FC /* Main.html in Resources */,
				D16282AD2F39AE5300F3B7FC /* Script.js in Resources */,
				D16282B12F39AE5300F3B7FC /* Assets.xcassets in Resources */,
				D16282832F39AE5300F3B7FC /* Main.storyboard in Resources */,
				D16282AB2F39AE5300F3B7FC /* Style.css in Resources */,
			);
			runOnlyForDeploymentPostprocessing = 0;
		};
		D16282872F39AE5300F3B7FC /* Resources */ = {
			isa = PBXResourcesBuildPhase;
			buildActionMask = 2147483647;
			files = (
				D16282AA2F39AE5300F3B7FC /* Icon.png in Resources */,
				D16282AC2F39AE5300F3B7FC /* Style.css in Resources */,
				D162828F2F39AE5300F3B7FC /* Main.storyboard in Resources */,
				D16282AE2F39AE5300F3B7FC /* Script.js in Resources */,
				D16282B22F39AE5300F3B7FC /* Assets.xcassets in Resources */,
				D16282A82F39AE5300F3B7FC /* Main.html in Resources */,
			);
			runOnlyForDeploymentPostprocessing = 0;
		};
		D16282942F39AE5300F3B7FC /* Resources */ = {
			isa = PBXResourcesBuildPhase;
			buildActionMask = 2147483647;
			files = (
				D16282D72F39AE5300F3B7FC /* blocked.css in Resources */,
				D16282D52F39AE5300F3B7FC /* manifest.json in Resources */,
				D16282D42F39AE5300F3B7FC /* icons in Resources */,
				D16282D62F39AE5300F3B7FC /* blocked.html in Resources */,
				D16282D22F39AE5300F3B7FC /* background.js in Resources */,
				D16282D32F39AE5300F3B7FC /* blocked.js in Resources */,
			);
			runOnlyForDeploymentPostprocessing = 0;
		};
		D162829E2F39AE5300F3B7FC /* Resources */ = {
			isa = PBXResourcesBuildPhase;
			buildActionMask = 2147483647;
			files = (
				D16282D12F39AE5300F3B7FC /* blocked.css in Resources */,
				D16282CF2F39AE5300F3B7FC /* manifest.json in Resources */,
				D16282CE2F39AE5300F3B7FC /* icons in Resources */,
				D16282D02F39AE5300F3B7FC /* blocked.html in Resources */,
				D16282CC2F39AE5300F3B7FC /* background.js in Resources */,
				D16282CD2F39AE5300F3B7FC /* blocked.js in Resources */,
			);
			runOnlyForDeploymentPostprocessing = 0;
		};
/* End PBXResourcesBuildPhase section */

/* Begin PBXSourcesBuildPhase section */
		D16282732F39AE5300F3B7FC /* Sources */ = {
			isa = PBXSourcesBuildPhase;
			buildActionMask = 2147483647;
			files = (
				D16282AF2F39AE5300F3B7FC /* ViewController.swift in Sources */,
				D162827B2F39AE5300F3B7FC /* AppDelegate.swift in Sources */,
				D162827D2F39AE5300F3B7FC /* SceneDelegate.swift in Sources */,
			);
			runOnlyForDeploymentPostprocessing = 0;
		};
		D16282852F39AE5300F3B7FC /* Sources */ = {
			isa = PBXSourcesBuildPhase;
			buildActionMask = 2147483647;
			files = (
				D16282B02F39AE5300F3B7FC /* ViewController.swift in Sources */,
				D162828C2F39AE5300F3B7FC /* AppDelegate.swift in Sources */,
			);
			runOnlyForDeploymentPostprocessing = 0;
		};
		D16282922F39AE5300F3B7FC /* Sources */ = {
			isa = PBXSourcesBuildPhase;
			buildActionMask = 2147483647;
			files = (
				D16282B32F39AE5300F3B7FC /* SafariWebExtensionHandler.swift in Sources */,
			);
			runOnlyForDeploymentPostprocessing = 0;
		};
		D162829C2F39AE5300F3B7FC /* Sources */ = {
			isa = PBXSourcesBuildPhase;
			buildActionMask = 2147483647;
			files = (
				D16282B42F39AE5300F3B7FC /* SafariWebExtensionHandler.swift in Sources */,
			);
			runOnlyForDeploymentPostprocessing = 0;
		};
/* End PBXSourcesBuildPhase section */

/* Begin PBXTargetDependency section */
		D16282992F39AE5300F3B7FC /* PBXTargetDependency */ = {
			isa = PBXTargetDependency;
			target = D16282952F39AE5300F3B7FC /* 番茄专注 Extension (iOS) */;
			targetProxy = D16282982F39AE5300F3B7FC /* PBXContainerItemProxy */;
		};
		D16282A32F39AE5300F3B7FC /* PBXTargetDependency */ = {
			isa = PBXTargetDependency;
			target = D162829F2F39AE5300F3B7FC /* 番茄专注 Extension (macOS) */;
			targetProxy = D16282A22F39AE5300F3B7FC /* PBXContainerItemProxy */;
		};
/* End PBXTargetDependency section */

/* Begin PBXVariantGroup section */
		D162826A2F39AE5200F3B7FC /* Main.html */ = {
			isa = PBXVariantGroup;
			children = (
				D162826B2F39AE5200F3B7FC /* Base */,
			);
			name = Main.html;
			sourceTree = "<group>";
		};
		D162827E2F39AE5300F3B7FC /* LaunchScreen.storyboard */ = {
			isa = PBXVariantGroup;
			children = (
				D162827F2F39AE5300F3B7FC /* Base */,
			);
			name = LaunchScreen.storyboard;
			sourceTree = "<group>";
		};
		D16282812F39AE5300F3B7FC /* Main.storyboard */ = {
			isa = PBXVariantGroup;
			children = (
				D16282822F39AE5300F3B7FC /* Base */,
			);
			name = Main.storyboard;
			sourceTree = "<group>";
		};
		D162828D2F39AE5300F3B7FC /* Main.storyboard */ = {
			isa = PBXVariantGroup;
			children = (
				D162828E2F39AE5300F3B7FC /* Base */,
			);
			name = Main.storyboard;
			sourceTree = "<group>";
		};
/* End PBXVariantGroup section */

/* Begin XCBuildConfiguration section */
		D16282B52F39AE5300F3B7FC /* Debug */ = {
			isa = XCBuildConfiguration;
			buildSettings = {
				ALWAYS_SEARCH_USER_PATHS = NO;
				ASSETCATALOG_COMPILER_GENERATE_SWIFT_ASSET_SYMBOL_EXTENSIONS = YES;
				CLANG_ANALYZER_NONNULL = YES;
				CLANG_ANALYZER_NUMBER_OBJECT_CONVERSION = YES_AGGRESSIVE;
				CLANG_CXX_LANGUAGE_STANDARD = "gnu++20";
				CLANG_ENABLE_MODULES = YES;
				CLANG_ENABLE_OBJC_ARC = YES;
				CLANG_ENABLE_OBJC_WEAK = YES;
				CLANG_WARN_BLOCK_CAPTURE_AUTORELEASING = YES;
				CLANG_WARN_BOOL_CONVERSION = YES;
				CLANG_WARN_COMMA = YES;
				CLANG_WARN_CONSTANT_CONVERSION = YES;
				CLANG_WARN_DEPRECATED_OBJC_IMPLEMENTATIONS = YES;
				CLANG_WARN_DIRECT_OBJC_ISA_USAGE = YES_ERROR;
				CLANG_WARN_DOCUMENTATION_COMMENTS = YES;
				CLANG_WARN_EMPTY_BODY = YES;
				CLANG_WARN_ENUM_CONVERSION = YES;
				CLANG_WARN_INFINITE_RECURSION = YES;
				CLANG_WARN_INT_CONVERSION = YES;
				CLANG_WARN_NON_LITERAL_NULL_CONVERSION = YES;
				CLANG_WARN_OBJC_IMPLICIT_RETAIN_SELF = YES;
				CLANG_WARN_OBJC_LITERAL_CONVERSION = YES;
				CLANG_WARN_OBJC_ROOT_CLASS = YES_ERROR;
				CLANG_WARN_QUOTED_INCLUDE_IN_FRAMEWORK_HEADER = YES;
				CLANG_WARN_RANGE_LOOP_ANALYSIS = YES;
				CLANG_WARN_STRICT_PROTOTYPES = YES;
				CLANG_WARN_SUSPICIOUS_MOVE = YES;
				CLANG_WARN_UNGUARDED_AVAILABILITY = YES_AGGRESSIVE;
				CLANG_WARN_UNREACHABLE_CODE = YES;
				CLANG_WARN__DUPLICATE_METHOD_MATCH = YES;
				COPY_PHASE_STRIP = NO;
				DEBUG_INFORMATION_FORMAT = dwarf;
				ENABLE_STRICT_OBJC_MSGSEND = YES;
				ENABLE_TESTABILITY = YES;
				ENABLE_USER_SCRIPT_SANDBOXING = YES;
				GCC_C_LANGUAGE_STANDARD = gnu17;
				GCC_DYNAMIC_NO_PIC = NO;
				GCC_NO_COMMON_BLOCKS = YES;
				GCC_OPTIMIZATION_LEVEL = 0;
				GCC_PREPROCESSOR_DEFINITIONS = (
					"DEBUG=1",
					"$(inherited)",
				);
				GCC_WARN_64_TO_32_BIT_CONVERSION = YES;
				GCC_WARN_ABOUT_RETURN_TYPE = YES_ERROR;
				GCC_WARN_UNDECLARED_SELECTOR = YES;
				GCC_WARN_UNINITIALIZED_AUTOS = YES_AGGRESSIVE;
				GCC_WARN_UNUSED_FUNCTION = YES;
				GCC_WARN_UNUSED_VARIABLE = YES;
				LOCALIZATION_PREFERS_STRING_CATALOGS = YES;
				MTL_ENABLE_DEBUG_INFO = INCLUDE_SOURCE;
				MTL_FAST_MATH = YES;
				ONLY_ACTIVE_ARCH = YES;
				SWIFT_ACTIVE_COMPILATION_CONDITIONS = "DEBUG $(inherited)";
				SWIFT_OPTIMIZATION_LEVEL = "-Onone";
			};
			name = Debug;
		};
		D16282B62F39AE5300F3B7FC /* Release */ = {
			isa = XCBuildConfiguration;
			buildSettings = {
				ALWAYS_SEARCH_USER_PATHS = NO;
				ASSETCATALOG_COMPILER_GENERATE_SWIFT_ASSET_SYMBOL_EXTENSIONS = YES;
				CLANG_ANALYZER_NONNULL = YES;
				CLANG_ANALYZER_NUMBER_OBJECT_CONVERSION = YES_AGGRESSIVE;
				CLANG_CXX_LANGUAGE_STANDARD = "gnu++20";
				CLANG_ENABLE_MODULES = YES;
				CLANG_ENABLE_OBJC_ARC = YES;
				CLANG_ENABLE_OBJC_WEAK = YES;
				CLANG_WARN_BLOCK_CAPTURE_AUTORELEASING = YES;
				CLANG_WARN_BOOL_CONVERSION = YES;
				CLANG_WARN_COMMA = YES;
				CLANG_WARN_CONSTANT_CONVERSION = YES;
				CLANG_WARN_DEPRECATED_OBJC_IMPLEMENTATIONS = YES;
				CLANG_WARN_DIRECT_OBJC_ISA_USAGE = YES_ERROR;
				CLANG_WARN_DOCUMENTATION_COMMENTS = YES;
				CLANG_WARN_EMPTY_BODY = YES;
				CLANG_WARN_ENUM_CONVERSION = YES;
				CLANG_WARN_INFINITE_RECURSION = YES;
				CLANG_WARN_INT_CONVERSION = YES;
				CLANG_WARN_NON_LITERAL_NULL_CONVERSION = YES;
				CLANG_WARN_OBJC_IMPLICIT_RETAIN_SELF = YES;
				CLANG_WARN_OBJC_LITERAL_CONVERSION = YES;
				CLANG_WARN_OBJC_ROOT_CLASS = YES_ERROR;
				CLANG_WARN_QUOTED_INCLUDE_IN_FRAMEWORK_HEADER = YES;
				CLANG_WARN_RANGE_LOOP_ANALYSIS = YES;
				CLANG_WARN_STRICT_PROTOTYPES = YES;
				CLANG_WARN_SUSPICIOUS_MOVE = YES;
				CLANG_WARN_UNGUARDED_AVAILABILITY = YES_AGGRESSIVE;
				CLANG_WARN_UNREACHABLE_CODE = YES;
				CLANG_WARN__DUPLICATE_METHOD_MATCH = YES;
				COPY_PHASE_STRIP = NO;
				DEBUG_INFORMATION_FORMAT = "dwarf-with-dsym";
				ENABLE_NS_ASSERTIONS = NO;
				ENABLE_STRICT_OBJC_MSGSEND = YES;
				ENABLE_USER_SCRIPT_SANDBOXING = YES;
				GCC_C_LANGUAGE_STANDARD = gnu17;
				GCC_NO_COMMON_BLOCKS = YES;
				GCC_WARN_64_TO_32_BIT_CONVERSION = YES;
				GCC_WARN_ABOUT_RETURN_TYPE = YES_ERROR;
				GCC_WARN_UNDECLARED_SELECTOR = YES;
				GCC_WARN_UNINITIALIZED_AUTOS = YES_AGGRESSIVE;
				GCC_WARN_UNUSED_FUNCTION = YES;
				GCC_WARN_UNUSED_VARIABLE = YES;
				LOCALIZATION_PREFERS_STRING_CATALOGS = YES;
				MTL_ENABLE_DEBUG_INFO = NO;
				MTL_FAST_MATH = YES;
				SWIFT_COMPILATION_MODE = wholemodule;
			};
			name = Release;
		};
		D16282B82F39AE5300F3B7FC /* Debug */ = {
			isa = XCBuildConfiguration;
			buildSettings = {
				CODE_SIGN_STYLE = Automatic;
				CURRENT_PROJECT_VERSION = 1;
				GENERATE_INFOPLIST_FILE = YES;
				INFOPLIST_FILE = "iOS (Extension)/Info.plist";
				INFOPLIST_KEY_CFBundleDisplayName = "番茄专注 Extension";
				INFOPLIST_KEY_NSHumanReadableCopyright = "";
				IPHONEOS_DEPLOYMENT_TARGET = 15.0;
				LD_RUNPATH_SEARCH_PATHS = (
					"$(inherited)",
					"@executable_path/Frameworks",
					"@executable_path/../../Frameworks",
				);
				MARKETING_VERSION = 1.0;
				OTHER_LDFLAGS = (
					"-framework",
					SafariServices,
				);
				PRODUCT_BUNDLE_IDENTIFIER = "com.pomodoro-focus.----.Extension";
				PRODUCT_NAME = "番茄专注 Extension";
				SDKROOT = iphoneos;
				SKIP_INSTALL = YES;
				SWIFT_EMIT_LOC_STRINGS = YES;
				SWIFT_VERSION = 5.0;
				TARGETED_DEVICE_FAMILY = "1,2";
			};
			name = Debug;
		};
		D16282B92F39AE5300F3B7FC /* Release */ = {
			isa = XCBuildConfiguration;
			buildSettings = {
				CODE_SIGN_STYLE = Automatic;
				CURRENT_PROJECT_VERSION = 1;
				GENERATE_INFOPLIST_FILE = YES;
				INFOPLIST_FILE = "iOS (Extension)/Info.plist";
				INFOPLIST_KEY_CFBundleDisplayName = "番茄专注 Extension";
				INFOPLIST_KEY_NSHumanReadableCopyright = "";
				IPHONEOS_DEPLOYMENT_TARGET = 15.0;
				LD_RUNPATH_SEARCH_PATHS = (
					"$(inherited)",
					"@executable_path/Frameworks",
					"@executable_path/../../Frameworks",
				);
				MARKETING_VERSION = 1.0;
				OTHER_LDFLAGS = (
					"-framework",
					SafariServices,
				);
				PRODUCT_BUNDLE_IDENTIFIER = "com.pomodoro-focus.----.Extension";
				PRODUCT_NAME = "番茄专注 Extension";
				SDKROOT = iphoneos;
				SKIP_INSTALL = YES;
				SWIFT_EMIT_LOC_STRINGS = YES;
				SWIFT_VERSION = 5.0;
				TARGETED_DEVICE_FAMILY = "1,2";
				VALIDATE_PRODUCT = YES;
			};
			name = Release;
		};
		D16282BC2F39AE5300F3B7FC /* Debug */ = {
			isa = XCBuildConfiguration;
			buildSettings = {
				ASSETCATALOG_COMPILER_APPICON_NAME = AppIcon;
				ASSETCATALOG_COMPILER_GLOBAL_ACCENT_COLOR_NAME = AccentColor;
				CODE_SIGN_STYLE = Automatic;
				CURRENT_PROJECT_VERSION = 1;
				GENERATE_INFOPLIST_FILE = YES;
				INFOPLIST_FILE = "iOS (App)/Info.plist";
				INFOPLIST_KEY_CFBundleDisplayName = "番茄专注";
				INFOPLIST_KEY_UIApplicationSupportsIndirectInputEvents = YES;
				INFOPLIST_KEY_UILaunchStoryboardName = LaunchScreen;
				INFOPLIST_KEY_UIMainStoryboardFile = Main;
				INFOPLIST_KEY_UISupportedInterfaceOrientations = "UIInterfaceOrientationPortrait UIInterfaceOrientationLandscapeLeft UIInterfaceOrientationLandscapeRight";
				INFOPLIST_KEY_UISupportedInterfaceOrientations_iPad = "UIInterfaceOrientationPortrait UIInterfaceOrientationPortraitUpsideDown UIInterfaceOrientationLandscapeLeft UIInterfaceOrientationLandscapeRight";
				IPHONEOS_DEPLOYMENT_TARGET = 15.0;
				LD_RUNPATH_SEARCH_PATHS = (
					"$(inherited)",
					"@executable_path/Frameworks",
				);
				MARKETING_VERSION = 1.0;
				OTHER_LDFLAGS = (
					"-framework",
					SafariServices,
					"-framework",
					WebKit,
				);
				PRODUCT_BUNDLE_IDENTIFIER = "com.pomodoro-focus.----";
				PRODUCT_NAME = "番茄专注";
				SDKROOT = iphoneos;
				SWIFT_EMIT_LOC_STRINGS = YES;
				SWIFT_VERSION = 5.0;
				TARGETED_DEVICE_FAMILY = "1,2";
			};
			name = Debug;
		};
		D16282BD2F39AE5300F3B7FC /* Release */ = {
			isa = XCBuildConfiguration;
			buildSettings = {
				ASSETCATALOG_COMPILER_APPICON_NAME = AppIcon;
				ASSETCATALOG_COMPILER_GLOBAL_ACCENT_COLOR_NAME = AccentColor;
				CODE_SIGN_STYLE = Automatic;
				CURRENT_PROJECT_VERSION = 1;
				GENERATE_INFOPLIST_FILE = YES;
				INFOPLIST_FILE = "iOS (App)/Info.plist";
				INFOPLIST_KEY_CFBundleDisplayName = "番茄专注";
				INFOPLIST_KEY_UIApplicationSupportsIndirectInputEvents = YES;
				INFOPLIST_KEY_UILaunchStoryboardName = LaunchScreen;
				INFOPLIST_KEY_UIMainStoryboardFile = Main;
				INFOPLIST_KEY_UISupportedInterfaceOrientations = "UIInterfaceOrientationPortrait UIInterfaceOrientationLandscapeLeft UIInterfaceOrientationLandscapeRight";
				INFOPLIST_KEY_UISupportedInterfaceOrientations_iPad = "UIInterfaceOrientationPortrait UIInterfaceOrientationPortraitUpsideDown UIInterfaceOrientationLandscapeLeft UIInterfaceOrientationLandscapeRight";
				IPHONEOS_DEPLOYMENT_TARGET = 15.0;
				LD_RUNPATH_SEARCH_PATHS = (
					"$(inherited)",
					"@executable_path/Frameworks",
				);
				MARKETING_VERSION = 1.0;
				OTHER_LDFLAGS = (
					"-framework",
					SafariServices,
					"-framework",
					WebKit,
				);
				PRODUCT_BUNDLE_IDENTIFIER = "com.pomodoro-focus.----";
				PRODUCT_NAME = "番茄专注";
				SDKROOT = iphoneos;
				SWIFT_EMIT_LOC_STRINGS = YES;
				SWIFT_VERSION = 5.0;
				TARGETED_DEVICE_FAMILY = "1,2";
				VALIDATE_PRODUCT = YES;
			};
			name = Release;
		};
		D16282BF2F39AE5300F3B7FC /* Debug */ = {
			isa = XCBuildConfiguration;
			buildSettings = {
				CODE_SIGN_ENTITLEMENTS = "macOS (Extension)/番茄专注.entitlements";
				CODE_SIGN_STYLE = Automatic;
				CURRENT_PROJECT_VERSION = 1;
				ENABLE_HARDENED_RUNTIME = YES;
				GENERATE_INFOPLIST_FILE = YES;
				INFOPLIST_FILE = "macOS (Extension)/Info.plist";
				INFOPLIST_KEY_CFBundleDisplayName = "番茄专注 Extension";
				INFOPLIST_KEY_NSHumanReadableCopyright = "";
				LD_RUNPATH_SEARCH_PATHS = (
					"$(inherited)",
					"@executable_path/../Frameworks",
					"@executable_path/../../../../Frameworks",
				);
				MACOSX_DEPLOYMENT_TARGET = 10.14;
				MARKETING_VERSION = 1.0;
				OTHER_LDFLAGS = (
					"-framework",
					SafariServices,
				);
				PRODUCT_BUNDLE_IDENTIFIER = "com.pomodoro-focus.----.Extension";
				PRODUCT_NAME = "番茄专注 Extension";
				SDKROOT = macosx;
				SKIP_INSTALL = YES;
				SWIFT_EMIT_LOC_STRINGS = YES;
				SWIFT_VERSION = 5.0;
			};
			name = Debug;
		};
		D16282C02F39AE5300F3B7FC /* Release */ = {
			isa = XCBuildConfiguration;
			buildSettings = {
				CODE_SIGN_ENTITLEMENTS = "macOS (Extension)/番茄专注.entitlements";
				CODE_SIGN_STYLE = Automatic;
				CURRENT_PROJECT_VERSION = 1;
				ENABLE_HARDENED_RUNTIME = YES;
				GENERATE_INFOPLIST_FILE = YES;
				INFOPLIST_FILE = "macOS (Extension)/Info.plist";
				INFOPLIST_KEY_CFBundleDisplayName = "番茄专注 Extension";
				INFOPLIST_KEY_NSHumanReadableCopyright = "";
				LD_RUNPATH_SEARCH_PATHS = (
					"$(inherited)",
					"@executable_path/../Frameworks",
					"@executable_path/../../../../Frameworks",
				);
				MACOSX_DEPLOYMENT_TARGET = 10.14;
				MARKETING_VERSION = 1.0;
				OTHER_LDFLAGS = (
					"-framework",
					SafariServices,
				);
				PRODUCT_BUNDLE_IDENTIFIER = "com.pomodoro-focus.----.Extension";
				PRODUCT_NAME = "番茄专注 Extension";
				SDKROOT = macosx;
				SKIP_INSTALL = YES;
				SWIFT_EMIT_LOC_STRINGS = YES;
				SWIFT_VERSION = 5.0;
			};
			name = Release;
		};
		D16282C32F39AE5300F3B7FC /* Debug */ = {
			isa = XCBuildConfiguration;
			buildSettings = {
				ASSETCATALOG_COMPILER_APPICON_NAME = AppIcon;
				ASSETCATALOG_COMPILER_GLOBAL_ACCENT_COLOR_NAME = AccentColor;
				CODE_SIGN_ENTITLEMENTS = "macOS (App)/番茄专注.entitlements";
				CODE_SIGN_STYLE = Automatic;
				CURRENT_PROJECT_VERSION = 1;
				ENABLE_HARDENED_RUNTIME = YES;
				GENERATE_INFOPLIST_FILE = YES;
				INFOPLIST_FILE = "macOS (App)/Info.plist";
				INFOPLIST_KEY_CFBundleDisplayName = "番茄专注";
				INFOPLIST_KEY_NSMainStoryboardFile = Main;
				INFOPLIST_KEY_NSPrincipalClass = NSApplication;
				LD_RUNPATH_SEARCH_PATHS = (
					"$(inherited)",
					"@executable_path/../Frameworks",
				);
				MACOSX_DEPLOYMENT_TARGET = 10.14;
				MARKETING_VERSION = 1.0;
				OTHER_LDFLAGS = (
					"-framework",
					SafariServices,
					"-framework",
					WebKit,
				);
				PRODUCT_BUNDLE_IDENTIFIER = "com.pomodoro-focus.----";
				PRODUCT_NAME = "番茄专注";
				SDKROOT = macosx;
				SWIFT_EMIT_LOC_STRINGS = YES;
				SWIFT_VERSION = 5.0;
			};
			name = Debug;
		};
		D16282C42F39AE5300F3B7FC /* Release */ = {
			isa = XCBuildConfiguration;
			buildSettings = {
				ASSETCATALOG_COMPILER_APPICON_NAME = AppIcon;
				ASSETCATALOG_COMPILER_GLOBAL_ACCENT_COLOR_NAME = AccentColor;
				CODE_SIGN_ENTITLEMENTS = "macOS (App)/番茄专注.entitlements";
				CODE_SIGN_STYLE = Automatic;
				CURRENT_PROJECT_VERSION = 1;
				ENABLE_HARDENED_RUNTIME = YES;
				GENERATE_INFOPLIST_FILE = YES;
				INFOPLIST_FILE = "macOS (App)/Info.plist";
				INFOPLIST_KEY_CFBundleDisplayName = "番茄专注";
				INFOPLIST_KEY_NSMainStoryboardFile = Main;
				INFOPLIST_KEY_NSPrincipalClass = NSApplication;
				LD_RUNPATH_SEARCH_PATHS = (
					"$(inherited)",
					"@executable_path/../Frameworks",
				);
				MACOSX_DEPLOYMENT_TARGET = 10.14;
				MARKETING_VERSION = 1.0;
				OTHER_LDFLAGS = (
					"-framework",
					SafariServices,
					"-framework",
					WebKit,
				);
				PRODUCT_BUNDLE_IDENTIFIER = "com.pomodoro-focus.----";
				PRODUCT_NAME = "番茄专注";
				SDKROOT = macosx;
				SWIFT_EMIT_LOC_STRINGS = YES;
				SWIFT_VERSION = 5.0;
			};
			name = Release;
		};
/* End XCBuildConfiguration section */

/* Begin XCConfigurationList section */
		D16282672F39AE5200F3B7FC /* Build configuration list for PBXProject "番茄专注" */ = {
			isa = XCConfigurationList;
			buildConfigurations = (
				D16282B52F39AE5300F3B7FC /* Debug */,
				D16282B62F39AE5300F3B7FC /* Release */,
			);
			defaultConfigurationIsVisible = 0;
			defaultConfigurationName = Release;
		};
		D16282B72F39AE5300F3B7FC /* Build configuration list for PBXNativeTarget "番茄专注 Extension (iOS)" */ = {
			isa = XCConfigurationList;
			buildConfigurations = (
				D16282B82F39AE5300F3B7FC /* Debug */,
				D16282B92F39AE5300F3B7FC /* Release */,
			);
			defaultConfigurationIsVisible = 0;
			defaultConfigurationName = Release;
		};
		D16282BB2F39AE5300F3B7FC /* Build configuration list for PBXNativeTarget "番茄专注 (iOS)" */ = {
			isa = XCConfigurationList;
			buildConfigurations = (
				D16282BC2F39AE5300F3B7FC /* Debug */,
				D16282BD2F39AE5300F3B7FC /* Release */,
			);
			defaultConfigurationIsVisible = 0;
			defaultConfigurationName = Release;
		};
		D16282BE2F39AE5300F3B7FC /* Build configuration list for PBXNativeTarget "番茄专注 Extension (macOS)" */ = {
			isa = XCConfigurationList;
			buildConfigurations = (
				D16282BF2F39AE5300F3B7FC /* Debug */,
				D16282C02F39AE5300F3B7FC /* Release */,
			);
			defaultConfigurationIsVisible = 0;
			defaultConfigurationName = Release;
		};
		D16282C22F39AE5300F3B7FC /* Build configuration list for PBXNativeTarget "番茄专注 (macOS)" */ = {
			isa = XCConfigurationList;
			buildConfigurations = (
				D16282C32F39AE5300F3B7FC /* Debug */,
				D16282C42F39AE5300F3B7FC /* Release */,
			);
			defaultConfigurationIsVisible = 0;
			defaultConfigurationName = Release;
		};
/* End XCConfigurationList section */
	};
	rootObject = D16282642F39AE5200F3B7FC /* Project object */;
}
